
Microsoft Visual Studio Solution File, Format Version 12.00
# Visual Studio 2013
VisualStudioVersion = 12.0.40629.0
MinimumVisualStudioVersion = 10.0.40219.1
Project("{FAE04EC0-301F-11D3-BF4B-00C04F79EFBC}") = "Comandos", "Comandos\Comandos.csproj", "{DD23F12D-A0A0-486C-BECA-84794AE10F16}"
EndProject
Global
	GlobalSection(SolutionConfigurationPlatforms) = preSolution
		Debug|Any CPU = Debug|Any CPU
		Debug|ARM = Debug|ARM
		Debug|x86 = Debug|x86
		Release|Any CPU = Release|Any CPU
		Release|ARM = Release|ARM
		Release|x86 = Release|x86
	EndGlobalSection
	GlobalSection(ProjectConfigurationPlatforms) = postSolution
		{DD23F12D-A0A0-486C-BECA-84794AE10F16}.Debug|Any CPU.ActiveCfg = Debug|Any CPU
		{DD23F12D-A0A0-486C-BECA-84794AE10F16}.Debug|Any CPU.Build.0 = Debug|Any CPU
		{DD23F12D-A0A0-486C-BECA-84794AE10F16}.Debug|Any CPU.Deploy.0 = Debug|Any CPU
		{DD23F12D-A0A0-486C-BECA-84794AE10F16}.Debug|ARM.ActiveCfg = Debug|ARM
		{DD23F12D-A0A0-486C-BECA-84794AE10F16}.Debug|ARM.Build.0 = Debug|ARM
		{DD23F12D-A0A0-486C-BECA-84794AE10F16}.Debug|ARM.Deploy.0 = Debug|ARM
		{DD23F12D-A0A0-486C-BECA-84794AE10F16}.Debug|x86.ActiveCfg = Debug|x86
		{DD23F12D-A0A0-486C-BECA-84794AE10F16}.Debug|x86.Build.0 = Debug|x86
		{DD23F12D-A0A0-486C-BECA-84794AE10F16}.Debug|x86.Deploy.0 = Debug|x86
		{DD23F12D-A0A0-486C-BECA-84794AE10F16}.Release|Any CPU.ActiveCfg = Release|Any CPU
		{DD23F12D-A0A0-486C-BECA-84794AE10F16}.Release|Any CPU.Build.0 = Release|Any CPU
		{DD23F12D-A0A0-486C-BECA-84794AE10F16}.Release|Any CPU.Deploy.0 = Release|Any CPU
		{DD23F12D-A0A0-486C-BECA-84794AE10F16}.Release|ARM.ActiveCfg = Release|ARM
		{DD23F12D-A0A0-486C-BECA-84794AE10F16}.Release|ARM.Build.0 = Release|ARM
		{DD23F12D-A0A0-486C-BECA-84794AE10F16}.Release|ARM.Deploy.0 = Release|ARM
		{DD23F12D-A0A0-486C-BECA-84794AE10F16}.Release|x86.ActiveCfg = Release|x86
		{DD23F12D-A0A0-486C-BECA-84794AE10F16}.Release|x86.Build.0 = Release|x86
		{DD23F12D-A0A0-486C-BECA-84794AE10F16}.Release|x86.Deploy.0 = Release|x86
	EndGlobalSection
	GlobalSection(SolutionProperties) = preSolution
		HideSolutionNode = FALSE
	EndGlobalSection
EndGlobal
